
Microsoft Visual Studio Solution File, Format Version 12.00
# Visual Studio Version 17
VisualStudioVersion = 17.5.002.0
MinimumVisualStudioVersion = 10.0.40219.1
Project("{9A19103F-16F7-4668-BE54-9A1E7A4F7556}") = "DesafioFundamentos", "DesafioFundamentos\DesafioFundamentos.csproj", "{99087350-71D7-4FAA-885F-36E2AB4B179C}"
EndProject
Global
	GlobalSection(SolutionConfigurationPlatforms) = preSolution
		Debug|Any CPU = Debug|Any CPU
		Release|Any CPU = Release|Any CPU
	EndGlobalSection
	GlobalSection(ProjectConfigurationPlatforms) = postSolution
		{99087350-71D7-4FAA-885F-36E2AB4B179C}.Debug|Any CPU.ActiveCfg = Debug|Any CPU
		{99087350-71D7-4FAA-885F-36E2AB4B179C}.Debug|Any CPU.Build.0 = Debug|Any CPU
		{99087350-71D7-4FAA-885F-36E2AB4B179C}.Release|Any CPU.ActiveCfg = Release|Any CPU
		{99087350-71D7-4FAA-885F-36E2AB4B179C}.Release|Any CPU.Build.0 = Release|Any CPU
	EndGlobalSection
	GlobalSection(SolutionProperties) = preSolution
		HideSolutionNode = FALSE
	EndGlobalSection
	GlobalSection(ExtensibilityGlobals) = postSolution
		SolutionGuid = {BE70EAA4-5F9A-4DCF-B6CF-14001A3F0DE3}
	EndGlobalSection
EndGlobal
