
Microsoft Visual Studio Solution File, Format Version 12.00
# Visual Studio Version 17
VisualStudioVersion = 17.5.002.0
MinimumVisualStudioVersion = 10.0.40219.1
Project("{9A19103F-16F7-4668-BE54-9A1E7A4F7556}") = "Test", "Test.csproj", "{4F2CEFF8-9283-4B72-B193-F4E0743FC9BE}"
EndProject
Global
	GlobalSection(SolutionConfigurationPlatforms) = preSolution
		Debug|Any CPU = Debug|Any CPU
		Release|Any CPU = Release|Any CPU
	EndGlobalSection
	GlobalSection(ProjectConfigurationPlatforms) = postSolution
		{4F2CEFF8-9283-4B72-B193-F4E0743FC9BE}.Debug|Any CPU.ActiveCfg = Debug|Any CPU
		{4F2CEFF8-9283-4B72-B193-F4E0743FC9BE}.Debug|Any CPU.Build.0 = Debug|Any CPU
		{4F2CEFF8-9283-4B72-B193-F4E0743FC9BE}.Release|Any CPU.ActiveCfg = Release|Any CPU
		{4F2CEFF8-9283-4B72-B193-F4E0743FC9BE}.Release|Any CPU.Build.0 = Release|Any CPU
	EndGlobalSection
	GlobalSection(SolutionProperties) = preSolution
		HideSolutionNode = FALSE
	EndGlobalSection
	GlobalSection(ExtensibilityGlobals) = postSolution
		SolutionGuid = {4A1002D5-3A54-473F-87B6-71DFEADCB157}
	EndGlobalSection
EndGlobal
